
Microsoft Visual Studio Solution File, Format Version 12.00
# Visual Studio Version 17
VisualStudioVersion = 17.14.36414.22
MinimumVisualStudioVersion = 10.0.40219.1
Project("{FAE04EC0-301F-11D3-BF4B-00C04F79EFBC}") = "HexaLibrary_BE", "HexaLibrary_BE\HexaLibrary_BE.csproj", "{46656E8E-5249-4809-8565-BB8B82A12C13}"
EndProject
Project("{FAE04EC0-301F-11D3-BF4B-00C04F79EFBC}") = "HexaLibraryTest", "HexaLibraryTest\HexaLibraryTest.csproj", "{84F39CC0-97DA-4552-AC6F-FD500A024284}"
EndProject
Global
	GlobalSection(SolutionConfigurationPlatforms) = preSolution
		Debug|Any CPU = Debug|Any CPU
		Release|Any CPU = Release|Any CPU
	EndGlobalSection
	GlobalSection(ProjectConfigurationPlatforms) = postSolution
		{46656E8E-5249-4809-8565-BB8B82A12C13}.Debug|Any CPU.ActiveCfg = Debug|Any CPU
		{46656E8E-5249-4809-8565-BB8B82A12C13}.Debug|Any CPU.Build.0 = Debug|Any CPU
		{46656E8E-5249-4809-8565-BB8B82A12C13}.Release|Any CPU.ActiveCfg = Release|Any CPU
		{46656E8E-5249-4809-8565-BB8B82A12C13}.Release|Any CPU.Build.0 = Release|Any CPU
		{84F39CC0-97DA-4552-AC6F-FD500A024284}.Debug|Any CPU.ActiveCfg = Debug|Any CPU
		{84F39CC0-97DA-4552-AC6F-FD500A024284}.Debug|Any CPU.Build.0 = Debug|Any CPU
		{84F39CC0-97DA-4552-AC6F-FD500A024284}.Release|Any CPU.ActiveCfg = Release|Any CPU
		{84F39CC0-97DA-4552-AC6F-FD500A024284}.Release|Any CPU.Build.0 = Release|Any CPU
	EndGlobalSection
	GlobalSection(SolutionProperties) = preSolution
		HideSolutionNode = FALSE
	EndGlobalSection
	GlobalSection(ExtensibilityGlobals) = postSolution
		SolutionGuid = {0D912A9B-324D-4DEE-948D-8B0F4CDFDA72}
	EndGlobalSection
EndGlobal
